
Microsoft Visual Studio Solution File, Format Version 12.00
# Visual Studio Version 16
VisualStudioVersion = 16.0.30523.141
MinimumVisualStudioVersion = 10.0.40219.1
Project("{FAE04EC0-301F-11D3-BF4B-00C04F79EFBC}") = "EasyAppraisal_Api", "EasyAppraisal_Api\EasyAppraisal_Api.csproj", "{E83A0C12-4983-46FC-9708-CA15E6ADFEEC}"
EndProject
Global
	GlobalSection(SolutionConfigurationPlatforms) = preSolution
		Debug|Any CPU = Debug|Any CPU
		Release|Any CPU = Release|Any CPU
	EndGlobalSection
	GlobalSection(ProjectConfigurationPlatforms) = postSolution
		{E83A0C12-4983-46FC-9708-CA15E6ADFEEC}.Debug|Any CPU.ActiveCfg = Debug|Any CPU
		{E83A0C12-4983-46FC-9708-CA15E6ADFEEC}.Debug|Any CPU.Build.0 = Debug|Any CPU
		{E83A0C12-4983-46FC-9708-CA15E6ADFEEC}.Release|Any CPU.ActiveCfg = Release|Any CPU
		{E83A0C12-4983-46FC-9708-CA15E6ADFEEC}.Release|Any CPU.Build.0 = Release|Any CPU
	EndGlobalSection
	GlobalSection(SolutionProperties) = preSolution
		HideSolutionNode = FALSE
	EndGlobalSection
	GlobalSection(ExtensibilityGlobals) = postSolution
		SolutionGuid = {C7F9DCA0-BB71-4923-895A-9B85C45B7F5F}
	EndGlobalSection
EndGlobal
