
Microsoft Visual Studio Solution File, Format Version 12.00
# Visual Studio Version 16
VisualStudioVersion = 16.0.30523.141
MinimumVisualStudioVersion = 10.0.40219.1
Project("{FAE04EC0-301F-11D3-BF4B-00C04F79EFBC}") = "EasyAppraisal_Web", "EasyAppraisal_Web\EasyAppraisal_Web.csproj", "{F50304D9-17F5-4534-B0E5-D340B5DA2367}"
EndProject
Global
	GlobalSection(SolutionConfigurationPlatforms) = preSolution
		Debug|Any CPU = Debug|Any CPU
		Release|Any CPU = Release|Any CPU
	EndGlobalSection
	GlobalSection(ProjectConfigurationPlatforms) = postSolution
		{F50304D9-17F5-4534-B0E5-D340B5DA2367}.Debug|Any CPU.ActiveCfg = Debug|Any CPU
		{F50304D9-17F5-4534-B0E5-D340B5DA2367}.Debug|Any CPU.Build.0 = Debug|Any CPU
		{F50304D9-17F5-4534-B0E5-D340B5DA2367}.Release|Any CPU.ActiveCfg = Release|Any CPU
		{F50304D9-17F5-4534-B0E5-D340B5DA2367}.Release|Any CPU.Build.0 = Release|Any CPU
	EndGlobalSection
	GlobalSection(SolutionProperties) = preSolution
		HideSolutionNode = FALSE
	EndGlobalSection
	GlobalSection(ExtensibilityGlobals) = postSolution
		SolutionGuid = {E472B322-4CFA-499B-BD26-8EE3DB4552A6}
	EndGlobalSection
EndGlobal
